{
  "originHash" : "0d537d315eb8f50abd0bc2ed54307536f6cc3f575e6ee4a78d56a285e4a99963",
  "pins" : [
    {
      "identity" : "swift-syntax",
      "kind" : "remoteSourceControl",
      "location" : "https://github.com/swiftlang/swift-syntax.git",
      "state" : {
        "revision" : "cb53fa1bd3219b0b23ded7dfdd3b2baff266fd25",
        "version" : "600.0.0"
      }
    },
    {
      "identity" : "swifthamcrest",
      "kind" : "remoteSourceControl",
      "location" : "https://github.com/nschum/SwiftHamcrest/",
      "state" : {
        "revision" : "1cf78fd26ee8607553d20bd2a82074ac12c50a7b",
        "version" : "2.3.0"
      }
    }
  ],
  "version" : 3
}
