// !$*UTF8*$!
{
	archiveVersion = 1;
	classes = {
	};
	objectVersion = 52;
	objects = {

/* Begin PBXBuildFile section */
		A741F6F6242B877400BFEB5E /* XCTest.framework in Frameworks */ = {isa = PBXBuildFile; fileRef = A741F6F5242B877400BFEB5E /* XCTest.framework */; };
		A78EDA7B23C47AB300695664 /* HamcrestAutolayoutMatchers.framework in Frameworks */ = {isa = PBXBuildFile; fileRef = A78EDA7123C47AB200695664 /* HamcrestAutolayoutMatchers.framework */; platformFilter = ios; };
		A78EDA9B23C47D9900695664 /* ConstraintMatcher.swift in Sources */ = {isa = PBXBuildFile; fileRef = A78EDA9623C47D9900695664 /* ConstraintMatcher.swift */; };
		A78EDA9C23C47D9900695664 /* ContraintAlignMatcher.swift in Sources */ = {isa = PBXBuildFile; fileRef = A78EDA9723C47D9900695664 /* ContraintAlignMatcher.swift */; };
		A78EDA9D23C47D9900695664 /* ConstraintAnchorMatcher.swift in Sources */ = {isa = PBXBuildFile; fileRef = A78EDA9823C47D9900695664 /* ConstraintAnchorMatcher.swift */; };
		A78EDA9E23C47D9900695664 /* ConstraintEqualMatcher.swift in Sources */ = {isa = PBXBuildFile; fileRef = A78EDA9923C47D9900695664 /* ConstraintEqualMatcher.swift */; };
		A78EDA9F23C47D9900695664 /* ConstraintConstantMatcher.swift in Sources */ = {isa = PBXBuildFile; fileRef = A78EDA9A23C47D9900695664 /* ConstraintConstantMatcher.swift */; };
		A78EDAA223C47DD900695664 /* ConstraintAlignMatcherTest.swift in Sources */ = {isa = PBXBuildFile; fileRef = A78EDAA023C47DD900695664 /* ConstraintAlignMatcherTest.swift */; };
		A78EDAA323C47DD900695664 /* ConstraintMatcherTest.swift in Sources */ = {isa = PBXBuildFile; fileRef = A78EDAA123C47DD900695664 /* ConstraintMatcherTest.swift */; };
		A78EDAAA23C47F8F00695664 /* Hamcrest.framework in Frameworks */ = {isa = PBXBuildFile; fileRef = A78EDAA923C47F8F00695664 /* Hamcrest.framework */; };
		A78EDAAD23C483B100695664 /* Hamcrest.framework in Frameworks */ = {isa = PBXBuildFile; fileRef = A78EDAA923C47F8F00695664 /* Hamcrest.framework */; platformFilter = ios; };
		A7AAC5912436199500D6416E /* XCTest.framework in Frameworks */ = {isa = PBXBuildFile; fileRef = A741F6F5242B877400BFEB5E /* XCTest.framework */; };
		A7AAC5922436199A00D6416E /* XCTest.framework in Frameworks */ = {isa = PBXBuildFile; fileRef = A741F6F5242B877400BFEB5E /* XCTest.framework */; };
		A7AB54BC2423D97800FDBAB3 /* AppDelegate.swift in Sources */ = {isa = PBXBuildFile; fileRef = A7AB54BB2423D97800FDBAB3 /* AppDelegate.swift */; };
		A7AB54C32423D97800FDBAB3 /* Main.storyboard in Resources */ = {isa = PBXBuildFile; fileRef = A7AB54C12423D97800FDBAB3 /* Main.storyboard */; };
		A7AB54C52423D97900FDBAB3 /* Assets.xcassets in Resources */ = {isa = PBXBuildFile; fileRef = A7AB54C42423D97900FDBAB3 /* Assets.xcassets */; };
		A7AB54C82423D97900FDBAB3 /* LaunchScreen.storyboard in Resources */ = {isa = PBXBuildFile; fileRef = A7AB54C62423D97900FDBAB3 /* LaunchScreen.storyboard */; };
		A7AB54E02423DEF900FDBAB3 /* StoryboardViewController.swift in Sources */ = {isa = PBXBuildFile; fileRef = A7AB54D82423DE6800FDBAB3 /* StoryboardViewController.swift */; };
		A7AB54E92423E19900FDBAB3 /* Hamcrest.framework in Resources */ = {isa = PBXBuildFile; fileRef = A78EDAA923C47F8F00695664 /* Hamcrest.framework */; platformFilter = ios; };
		A7DE0BA62423E42E00032810 /* StoryboardViewControllerTest.swift in Sources */ = {isa = PBXBuildFile; fileRef = A7AB54E72423E07600FDBAB3 /* StoryboardViewControllerTest.swift */; };
		A7DE0BAC2423E6DA00032810 /* HamcrestAutolayoutMatchers.framework in Frameworks */ = {isa = PBXBuildFile; fileRef = A78EDA7123C47AB200695664 /* HamcrestAutolayoutMatchers.framework */; };
		A7DE0BAD2423E6DE00032810 /* Hamcrest.framework in Frameworks */ = {isa = PBXBuildFile; fileRef = A78EDAA923C47F8F00695664 /* Hamcrest.framework */; };
		A7EA7EC024249FCD00CF6C63 /* LayoutInCodeViewController.swift in Sources */ = {isa = PBXBuildFile; fileRef = A7EA7EBF24249FCD00CF6C63 /* LayoutInCodeViewController.swift */; };
		A7EA7EC124249FF500CF6C63 /* LayoutInCodeViewControllerTest.swift in Sources */ = {isa = PBXBuildFile; fileRef = A7EA7EBD24249F9000CF6C63 /* LayoutInCodeViewControllerTest.swift */; };
		A7EA7EC42424A0F400CF6C63 /* TestNavigationController.swift in Sources */ = {isa = PBXBuildFile; fileRef = A7EA7EC32424A0F400CF6C63 /* TestNavigationController.swift */; };
		A7EA7EC62424A2AE00CF6C63 /* UIColorMatcher.swift in Sources */ = {isa = PBXBuildFile; fileRef = A7EA7EC52424A2AE00CF6C63 /* UIColorMatcher.swift */; };
		A7EA7ECA2424AA3000CF6C63 /* PinLayoutViewControllerTest.swift in Sources */ = {isa = PBXBuildFile; fileRef = A7EA7EC92424AA3000CF6C63 /* PinLayoutViewControllerTest.swift */; };
		A7EA7ECC2424AA6200CF6C63 /* PinLayoutViewController.swift in Sources */ = {isa = PBXBuildFile; fileRef = A7EA7ECB2424AA6200CF6C63 /* PinLayoutViewController.swift */; };
		A7EA7ECD2424AB4C00CF6C63 /* PinLayout.swift in Sources */ = {isa = PBXBuildFile; fileRef = A7EA7EC82424AA1100CF6C63 /* PinLayout.swift */; };
/* End PBXBuildFile section */

/* Begin PBXContainerItemProxy section */
		A7AB54DD2423DED300FDBAB3 /* PBXContainerItemProxy */ = {
			isa = PBXContainerItemProxy;
			containerPortal = A78EDA6823C47AB200695664 /* Project object */;
			proxyType = 1;
			remoteGlobalIDString = A78EDA7023C47AB200695664;
			remoteInfo = HamcrestAutolayoutMatchers;
		};
		A7AB54EA2423E28100FDBAB3 /* PBXContainerItemProxy */ = {
			isa = PBXContainerItemProxy;
			containerPortal = A78EDA6823C47AB200695664 /* Project object */;
			proxyType = 1;
			remoteGlobalIDString = A7AB54B82423D97800FDBAB3;
			remoteInfo = Demo;
		};
		A7DE0BA12423E42800032810 /* PBXContainerItemProxy */ = {
			isa = PBXContainerItemProxy;
			containerPortal = A78EDA6823C47AB200695664 /* Project object */;
			proxyType = 1;
			remoteGlobalIDString = A7AB54B82423D97800FDBAB3;
			remoteInfo = Demo;
		};
		A7DE0BAF2423E75C00032810 /* PBXContainerItemProxy */ = {
			isa = PBXContainerItemProxy;
			containerPortal = A78EDA6823C47AB200695664 /* Project object */;
			proxyType = 1;
			remoteGlobalIDString = A78EDA7023C47AB200695664;
			remoteInfo = HamcrestAutolayoutMatchers;
		};
/* End PBXContainerItemProxy section */

/* Begin PBXFileReference section */
		A741F6F5242B877400BFEB5E /* XCTest.framework */ = {isa = PBXFileReference; lastKnownFileType = wrapper.framework; name = XCTest.framework; path = Platforms/iPhoneOS.platform/Developer/Library/Frameworks/XCTest.framework; sourceTree = DEVELOPER_DIR; };
		A78EDA7123C47AB200695664 /* HamcrestAutolayoutMatchers.framework */ = {isa = PBXFileReference; explicitFileType = wrapper.framework; includeInIndex = 0; path = HamcrestAutolayoutMatchers.framework; sourceTree = BUILT_PRODUCTS_DIR; };
		A78EDA7523C47AB200695664 /* Info.plist */ = {isa = PBXFileReference; lastKnownFileType = text.plist.xml; path = Info.plist; sourceTree = "<group>"; };
		A78EDA7A23C47AB300695664 /* HamcrestAutolayoutMatchersTest.xctest */ = {isa = PBXFileReference; explicitFileType = wrapper.cfbundle; includeInIndex = 0; path = HamcrestAutolayoutMatchersTest.xctest; sourceTree = BUILT_PRODUCTS_DIR; };
		A78EDA8123C47AB300695664 /* Info.plist */ = {isa = PBXFileReference; lastKnownFileType = text.plist.xml; path = Info.plist; sourceTree = "<group>"; };
		A78EDA9623C47D9900695664 /* ConstraintMatcher.swift */ = {isa = PBXFileReference; fileEncoding = 4; lastKnownFileType = sourcecode.swift; path = ConstraintMatcher.swift; sourceTree = "<group>"; };
		A78EDA9723C47D9900695664 /* ContraintAlignMatcher.swift */ = {isa = PBXFileReference; fileEncoding = 4; lastKnownFileType = sourcecode.swift; path = ContraintAlignMatcher.swift; sourceTree = "<group>"; };
		A78EDA9823C47D9900695664 /* ConstraintAnchorMatcher.swift */ = {isa = PBXFileReference; fileEncoding = 4; lastKnownFileType = sourcecode.swift; path = ConstraintAnchorMatcher.swift; sourceTree = "<group>"; };
		A78EDA9923C47D9900695664 /* ConstraintEqualMatcher.swift */ = {isa = PBXFileReference; fileEncoding = 4; lastKnownFileType = sourcecode.swift; path = ConstraintEqualMatcher.swift; sourceTree = "<group>"; };
		A78EDA9A23C47D9900695664 /* ConstraintConstantMatcher.swift */ = {isa = PBXFileReference; fileEncoding = 4; lastKnownFileType = sourcecode.swift; path = ConstraintConstantMatcher.swift; sourceTree = "<group>"; };
		A78EDAA023C47DD900695664 /* ConstraintAlignMatcherTest.swift */ = {isa = PBXFileReference; fileEncoding = 4; lastKnownFileType = sourcecode.swift; path = ConstraintAlignMatcherTest.swift; sourceTree = "<group>"; };
		A78EDAA123C47DD900695664 /* ConstraintMatcherTest.swift */ = {isa = PBXFileReference; fileEncoding = 4; lastKnownFileType = sourcecode.swift; path = ConstraintMatcherTest.swift; sourceTree = "<group>"; };
		A78EDAA923C47F8F00695664 /* Hamcrest.framework */ = {isa = PBXFileReference; lastKnownFileType = wrapper.framework; name = Hamcrest.framework; path = Carthage/Build/iOS/Hamcrest.framework; sourceTree = SOURCE_ROOT; };
		A7AB54B92423D97800FDBAB3 /* Demo.app */ = {isa = PBXFileReference; explicitFileType = wrapper.application; includeInIndex = 0; path = Demo.app; sourceTree = BUILT_PRODUCTS_DIR; };
		A7AB54BB2423D97800FDBAB3 /* AppDelegate.swift */ = {isa = PBXFileReference; lastKnownFileType = sourcecode.swift; path = AppDelegate.swift; sourceTree = "<group>"; };
		A7AB54C22423D97800FDBAB3 /* Base */ = {isa = PBXFileReference; lastKnownFileType = file.storyboard; name = Base; path = Base.lproj/Main.storyboard; sourceTree = "<group>"; };
		A7AB54C42423D97900FDBAB3 /* Assets.xcassets */ = {isa = PBXFileReference; lastKnownFileType = folder.assetcatalog; path = Assets.xcassets; sourceTree = "<group>"; };
		A7AB54C72423D97900FDBAB3 /* Base */ = {isa = PBXFileReference; lastKnownFileType = file.storyboard; name = Base; path = Base.lproj/LaunchScreen.storyboard; sourceTree = "<group>"; };
		A7AB54C92423D97900FDBAB3 /* Info.plist */ = {isa = PBXFileReference; lastKnownFileType = text.plist.xml; path = Info.plist; sourceTree = "<group>"; };
		A7AB54D82423DE6800FDBAB3 /* StoryboardViewController.swift */ = {isa = PBXFileReference; lastKnownFileType = sourcecode.swift; path = StoryboardViewController.swift; sourceTree = "<group>"; };
		A7AB54E72423E07600FDBAB3 /* StoryboardViewControllerTest.swift */ = {isa = PBXFileReference; lastKnownFileType = sourcecode.swift; path = StoryboardViewControllerTest.swift; sourceTree = "<group>"; };
		A7DE0B9C2423E42800032810 /* DemoTests.xctest */ = {isa = PBXFileReference; explicitFileType = wrapper.cfbundle; includeInIndex = 0; path = DemoTests.xctest; sourceTree = BUILT_PRODUCTS_DIR; };
		A7DE0BA02423E42800032810 /* Info.plist */ = {isa = PBXFileReference; lastKnownFileType = text.plist.xml; path = Info.plist; sourceTree = "<group>"; };
		A7EA7EBD24249F9000CF6C63 /* LayoutInCodeViewControllerTest.swift */ = {isa = PBXFileReference; lastKnownFileType = sourcecode.swift; path = LayoutInCodeViewControllerTest.swift; sourceTree = "<group>"; };
		A7EA7EBF24249FCD00CF6C63 /* LayoutInCodeViewController.swift */ = {isa = PBXFileReference; lastKnownFileType = sourcecode.swift; path = LayoutInCodeViewController.swift; sourceTree = "<group>"; };
		A7EA7EC32424A0F400CF6C63 /* TestNavigationController.swift */ = {isa = PBXFileReference; lastKnownFileType = sourcecode.swift; path = TestNavigationController.swift; sourceTree = "<group>"; };
		A7EA7EC52424A2AE00CF6C63 /* UIColorMatcher.swift */ = {isa = PBXFileReference; lastKnownFileType = sourcecode.swift; path = UIColorMatcher.swift; sourceTree = "<group>"; };
		A7EA7EC82424AA1100CF6C63 /* PinLayout.swift */ = {isa = PBXFileReference; lastKnownFileType = sourcecode.swift; path = PinLayout.swift; sourceTree = "<group>"; };
		A7EA7EC92424AA3000CF6C63 /* PinLayoutViewControllerTest.swift */ = {isa = PBXFileReference; lastKnownFileType = sourcecode.swift; path = PinLayoutViewControllerTest.swift; sourceTree = "<group>"; };
		A7EA7ECB2424AA6200CF6C63 /* PinLayoutViewController.swift */ = {isa = PBXFileReference; lastKnownFileType = sourcecode.swift; path = PinLayoutViewController.swift; sourceTree = "<group>"; };
/* End PBXFileReference section */

/* Begin PBXFrameworksBuildPhase section */
		A78EDA6E23C47AB200695664 /* Frameworks */ = {
			isa = PBXFrameworksBuildPhase;
			buildActionMask = 2147483647;
			files = (
				A741F6F6242B877400BFEB5E /* XCTest.framework in Frameworks */,
				A78EDAAA23C47F8F00695664 /* Hamcrest.framework in Frameworks */,
			);
			runOnlyForDeploymentPostprocessing = 0;
		};
		A78EDA7723C47AB300695664 /* Frameworks */ = {
			isa = PBXFrameworksBuildPhase;
			buildActionMask = 2147483647;
			files = (
				A7AAC5912436199500D6416E /* XCTest.framework in Frameworks */,
				A78EDA7B23C47AB300695664 /* HamcrestAutolayoutMatchers.framework in Frameworks */,
				A78EDAAD23C483B100695664 /* Hamcrest.framework in Frameworks */,
			);
			runOnlyForDeploymentPostprocessing = 0;
		};
		A7AB54B62423D97800FDBAB3 /* Frameworks */ = {
			isa = PBXFrameworksBuildPhase;
			buildActionMask = 2147483647;
			files = (
			);
			runOnlyForDeploymentPostprocessing = 0;
		};
		A7DE0B992423E42800032810 /* Frameworks */ = {
			isa = PBXFrameworksBuildPhase;
			buildActionMask = 2147483647;
			files = (
				A7AAC5922436199A00D6416E /* XCTest.framework in Frameworks */,
				A7DE0BAC2423E6DA00032810 /* HamcrestAutolayoutMatchers.framework in Frameworks */,
				A7DE0BAD2423E6DE00032810 /* Hamcrest.framework in Frameworks */,
			);
			runOnlyForDeploymentPostprocessing = 0;
		};
/* End PBXFrameworksBuildPhase section */

/* Begin PBXGroup section */
		A78EDA6723C47AB200695664 = {
			isa = PBXGroup;
			children = (
				A7DE0BA82423E4C400032810 /* Matcher */,
				A7AB54BA2423D97800FDBAB3 /* Demo */,
				A78EDAA623C47E0B00695664 /* Frameworks */,
				A78EDA7223C47AB200695664 /* Products */,
			);
			sourceTree = "<group>";
		};
		A78EDA7223C47AB200695664 /* Products */ = {
			isa = PBXGroup;
			children = (
				A78EDA7123C47AB200695664 /* HamcrestAutolayoutMatchers.framework */,
				A78EDA7A23C47AB300695664 /* HamcrestAutolayoutMatchersTest.xctest */,
				A7AB54B92423D97800FDBAB3 /* Demo.app */,
				A7DE0B9C2423E42800032810 /* DemoTests.xctest */,
			);
			name = Products;
			sourceTree = "<group>";
		};
		A78EDA7323C47AB200695664 /* Main */ = {
			isa = PBXGroup;
			children = (
				A78EDA8C23C47B3700695664 /* Resource */,
				A78EDA8B23C47B3100695664 /* Source */,
			);
			path = Main;
			sourceTree = "<group>";
		};
		A78EDA7E23C47AB300695664 /* Test */ = {
			isa = PBXGroup;
			children = (
				A78EDA8E23C47B5E00695664 /* Resource */,
				A78EDA8D23C47B5800695664 /* Source */,
			);
			path = Test;
			sourceTree = "<group>";
		};
		A78EDA8B23C47B3100695664 /* Source */ = {
			isa = PBXGroup;
			children = (
				A78EDA9523C47D8700695664 /* Matchers */,
			);
			path = Source;
			sourceTree = "<group>";
		};
		A78EDA8C23C47B3700695664 /* Resource */ = {
			isa = PBXGroup;
			children = (
				A78EDA7523C47AB200695664 /* Info.plist */,
			);
			path = Resource;
			sourceTree = "<group>";
		};
		A78EDA8D23C47B5800695664 /* Source */ = {
			isa = PBXGroup;
			children = (
				A7AB54D12423DAD500FDBAB3 /* Matchers */,
			);
			path = Source;
			sourceTree = "<group>";
		};
		A78EDA8E23C47B5E00695664 /* Resource */ = {
			isa = PBXGroup;
			children = (
				A78EDA8123C47AB300695664 /* Info.plist */,
			);
			path = Resource;
			sourceTree = "<group>";
		};
		A78EDA9523C47D8700695664 /* Matchers */ = {
			isa = PBXGroup;
			children = (
				A78EDA9823C47D9900695664 /* ConstraintAnchorMatcher.swift */,
				A78EDA9A23C47D9900695664 /* ConstraintConstantMatcher.swift */,
				A78EDA9923C47D9900695664 /* ConstraintEqualMatcher.swift */,
				A78EDA9623C47D9900695664 /* ConstraintMatcher.swift */,
				A78EDA9723C47D9900695664 /* ContraintAlignMatcher.swift */,
			);
			path = Matchers;
			sourceTree = "<group>";
		};
		A78EDAA623C47E0B00695664 /* Frameworks */ = {
			isa = PBXGroup;
			children = (
				A741F6F5242B877400BFEB5E /* XCTest.framework */,
				A78EDAA923C47F8F00695664 /* Hamcrest.framework */,
			);
			name = Frameworks;
			sourceTree = "<group>";
		};
		A7AB54BA2423D97800FDBAB3 /* Demo */ = {
			isa = PBXGroup;
			children = (
				A7DE0BA92423E4F400032810 /* Main */,
				A7DE0B9D2423E42800032810 /* Test */,
			);
			path = Demo;
			sourceTree = "<group>";
		};
		A7AB54CF2423DA4100FDBAB3 /* Source */ = {
			isa = PBXGroup;
			children = (
				A7EA7EC72424AA0800CF6C63 /* PinLayout */,
				A7AB54BB2423D97800FDBAB3 /* AppDelegate.swift */,
				A7AB54D82423DE6800FDBAB3 /* StoryboardViewController.swift */,
				A7EA7EBF24249FCD00CF6C63 /* LayoutInCodeViewController.swift */,
				A7EA7ECB2424AA6200CF6C63 /* PinLayoutViewController.swift */,
			);
			path = Source;
			sourceTree = "<group>";
		};
		A7AB54D02423DA4D00FDBAB3 /* Resource */ = {
			isa = PBXGroup;
			children = (
				A7AB54C12423D97800FDBAB3 /* Main.storyboard */,
				A7AB54C42423D97900FDBAB3 /* Assets.xcassets */,
				A7AB54C62423D97900FDBAB3 /* LaunchScreen.storyboard */,
				A7AB54C92423D97900FDBAB3 /* Info.plist */,
			);
			path = Resource;
			sourceTree = "<group>";
		};
		A7AB54D12423DAD500FDBAB3 /* Matchers */ = {
			isa = PBXGroup;
			children = (
				A78EDAA023C47DD900695664 /* ConstraintAlignMatcherTest.swift */,
				A78EDAA123C47DD900695664 /* ConstraintMatcherTest.swift */,
			);
			path = Matchers;
			sourceTree = "<group>";
		};
		A7DE0B9D2423E42800032810 /* Test */ = {
			isa = PBXGroup;
			children = (
				A7EA7EC22424A09D00CF6C63 /* Helper */,
				A7DE0BAB2423E50100032810 /* Resource */,
				A7DE0BAA2423E4FC00032810 /* Source */,
			);
			path = Test;
			sourceTree = "<group>";
		};
		A7DE0BA82423E4C400032810 /* Matcher */ = {
			isa = PBXGroup;
			children = (
				A78EDA7323C47AB200695664 /* Main */,
				A78EDA7E23C47AB300695664 /* Test */,
			);
			path = Matcher;
			sourceTree = "<group>";
		};
		A7DE0BA92423E4F400032810 /* Main */ = {
			isa = PBXGroup;
			children = (
				A7AB54D02423DA4D00FDBAB3 /* Resource */,
				A7AB54CF2423DA4100FDBAB3 /* Source */,
			);
			path = Main;
			sourceTree = "<group>";
		};
		A7DE0BAA2423E4FC00032810 /* Source */ = {
			isa = PBXGroup;
			children = (
				A7AB54E72423E07600FDBAB3 /* StoryboardViewControllerTest.swift */,
				A7EA7EBD24249F9000CF6C63 /* LayoutInCodeViewControllerTest.swift */,
				A7EA7EC92424AA3000CF6C63 /* PinLayoutViewControllerTest.swift */,
			);
			path = Source;
			sourceTree = "<group>";
		};
		A7DE0BAB2423E50100032810 /* Resource */ = {
			isa = PBXGroup;
			children = (
				A7DE0BA02423E42800032810 /* Info.plist */,
			);
			path = Resource;
			sourceTree = "<group>";
		};
		A7EA7EC22424A09D00CF6C63 /* Helper */ = {
			isa = PBXGroup;
			children = (
				A7EA7EC32424A0F400CF6C63 /* TestNavigationController.swift */,
				A7EA7EC52424A2AE00CF6C63 /* UIColorMatcher.swift */,
			);
			path = Helper;
			sourceTree = "<group>";
		};
		A7EA7EC72424AA0800CF6C63 /* PinLayout */ = {
			isa = PBXGroup;
			children = (
				A7EA7EC82424AA1100CF6C63 /* PinLayout.swift */,
			);
			path = PinLayout;
			sourceTree = "<group>";
		};
/* End PBXGroup section */

/* Begin PBXHeadersBuildPhase section */
		A78EDA6C23C47AB200695664 /* Headers */ = {
			isa = PBXHeadersBuildPhase;
			buildActionMask = 2147483647;
			files = (
			);
			runOnlyForDeploymentPostprocessing = 0;
		};
/* End PBXHeadersBuildPhase section */

/* Begin PBXNativeTarget section */
		A78EDA7023C47AB200695664 /* HamcrestAutolayoutMatchers */ = {
			isa = PBXNativeTarget;
			buildConfigurationList = A78EDA8523C47AB300695664 /* Build configuration list for PBXNativeTarget "HamcrestAutolayoutMatchers" */;
			buildPhases = (
				A78EDA6C23C47AB200695664 /* Headers */,
				A78EDA6D23C47AB200695664 /* Sources */,
				A78EDA6E23C47AB200695664 /* Frameworks */,
				A78EDA6F23C47AB200695664 /* Resources */,
				A78EDAA723C47E8F00695664 /* ShellScript */,
			);
			buildRules = (
			);
			dependencies = (
			);
			name = HamcrestAutolayoutMatchers;
			productName = HamcrestAutolayoutMatchers;
			productReference = A78EDA7123C47AB200695664 /* HamcrestAutolayoutMatchers.framework */;
			productType = "com.apple.product-type.framework";
		};
		A78EDA7923C47AB300695664 /* HamcrestAutolayoutMatchersTest */ = {
			isa = PBXNativeTarget;
			buildConfigurationList = A78EDA8823C47AB300695664 /* Build configuration list for PBXNativeTarget "HamcrestAutolayoutMatchersTest" */;
			buildPhases = (
				A78EDA7623C47AB300695664 /* Sources */,
				A78EDA7723C47AB300695664 /* Frameworks */,
				A78EDA7823C47AB300695664 /* Resources */,
				A78EDAAE23C4840D00695664 /* ShellScript */,
			);
			buildRules = (
			);
			dependencies = (
				A7AB54EB2423E28100FDBAB3 /* PBXTargetDependency */,
				A7AB54DE2423DED300FDBAB3 /* PBXTargetDependency */,
			);
			name = HamcrestAutolayoutMatchersTest;
			productName = HamcrestAutolayoutMatchersTests;
			productReference = A78EDA7A23C47AB300695664 /* HamcrestAutolayoutMatchersTest.xctest */;
			productType = "com.apple.product-type.bundle.unit-test";
		};
		A7AB54B82423D97800FDBAB3 /* Demo */ = {
			isa = PBXNativeTarget;
			buildConfigurationList = A7AB54CC2423D97900FDBAB3 /* Build configuration list for PBXNativeTarget "Demo" */;
			buildPhases = (
				A7AB54B52423D97800FDBAB3 /* Sources */,
				A7AB54B62423D97800FDBAB3 /* Frameworks */,
				A7AB54B72423D97800FDBAB3 /* Resources */,
			);
			buildRules = (
			);
			dependencies = (
			);
			name = Demo;
			productName = DemoApp;
			productReference = A7AB54B92423D97800FDBAB3 /* Demo.app */;
			productType = "com.apple.product-type.application";
		};
		A7DE0B9B2423E42800032810 /* DemoTests */ = {
			isa = PBXNativeTarget;
			buildConfigurationList = A7DE0BA52423E42800032810 /* Build configuration list for PBXNativeTarget "DemoTests" */;
			buildPhases = (
				A7DE0B982423E42800032810 /* Sources */,
				A7DE0B992423E42800032810 /* Frameworks */,
				A7DE0B9A2423E42800032810 /* Resources */,
				A7DE0BAE2423E6E400032810 /* Run Script */,
			);
			buildRules = (
			);
			dependencies = (
				A7DE0BB02423E75C00032810 /* PBXTargetDependency */,
				A7DE0BA22423E42800032810 /* PBXTargetDependency */,
			);
			name = DemoTests;
			productName = DemoTests;
			productReference = A7DE0B9C2423E42800032810 /* DemoTests.xctest */;
			productType = "com.apple.product-type.bundle.unit-test";
		};
/* End PBXNativeTarget section */

/* Begin PBXProject section */
		A78EDA6823C47AB200695664 /* Project object */ = {
			isa = PBXProject;
			attributes = {
				LastSwiftUpdateCheck = 1130;
				LastUpgradeCheck = 1130;
				ORGANIZATIONNAME = "Rene Pirringer";
				TargetAttributes = {
					A78EDA7023C47AB200695664 = {
						CreatedOnToolsVersion = 11.3;
						LastSwiftMigration = 1130;
					};
					A78EDA7923C47AB300695664 = {
						CreatedOnToolsVersion = 11.3;
						TestTargetID = A7AB54B82423D97800FDBAB3;
					};
					A7AB54B82423D97800FDBAB3 = {
						CreatedOnToolsVersion = 11.3;
					};
					A7DE0B9B2423E42800032810 = {
						CreatedOnToolsVersion = 11.3;
						TestTargetID = A7AB54B82423D97800FDBAB3;
					};
				};
			};
			buildConfigurationList = A78EDA6B23C47AB200695664 /* Build configuration list for PBXProject "HamcrestAutolayoutMatchers" */;
			compatibilityVersion = "Xcode 9.3";
			developmentRegion = en;
			hasScannedForEncodings = 0;
			knownRegions = (
				en,
				Base,
			);
			mainGroup = A78EDA6723C47AB200695664;
			productRefGroup = A78EDA7223C47AB200695664 /* Products */;
			projectDirPath = "";
			projectRoot = "";
			targets = (
				A78EDA7023C47AB200695664 /* HamcrestAutolayoutMatchers */,
				A78EDA7923C47AB300695664 /* HamcrestAutolayoutMatchersTest */,
				A7AB54B82423D97800FDBAB3 /* Demo */,
				A7DE0B9B2423E42800032810 /* DemoTests */,
			);
		};
/* End PBXProject section */

/* Begin PBXResourcesBuildPhase section */
		A78EDA6F23C47AB200695664 /* Resources */ = {
			isa = PBXResourcesBuildPhase;
			buildActionMask = 2147483647;
			files = (
			);
			runOnlyForDeploymentPostprocessing = 0;
		};
		A78EDA7823C47AB300695664 /* Resources */ = {
			isa = PBXResourcesBuildPhase;
			buildActionMask = 2147483647;
			files = (
				A7AB54E92423E19900FDBAB3 /* Hamcrest.framework in Resources */,
			);
			runOnlyForDeploymentPostprocessing = 0;
		};
		A7AB54B72423D97800FDBAB3 /* Resources */ = {
			isa = PBXResourcesBuildPhase;
			buildActionMask = 2147483647;
			files = (
				A7AB54C82423D97900FDBAB3 /* LaunchScreen.storyboard in Resources */,
				A7AB54C52423D97900FDBAB3 /* Assets.xcassets in Resources */,
				A7AB54C32423D97800FDBAB3 /* Main.storyboard in Resources */,
			);
			runOnlyForDeploymentPostprocessing = 0;
		};
		A7DE0B9A2423E42800032810 /* Resources */ = {
			isa = PBXResourcesBuildPhase;
			buildActionMask = 2147483647;
			files = (
			);
			runOnlyForDeploymentPostprocessing = 0;
		};
/* End PBXResourcesBuildPhase section */

/* Begin PBXShellScriptBuildPhase section */
		A78EDAA723C47E8F00695664 /* ShellScript */ = {
			isa = PBXShellScriptBuildPhase;
			buildActionMask = 2147483647;
			files = (
			);
			inputFileListPaths = (
			);
			inputPaths = (
				"$(SRCROOT)/Carthage/Build/iOS/Hamcrest.framework",
			);
			outputFileListPaths = (
			);
			outputPaths = (
			);
			runOnlyForDeploymentPostprocessing = 0;
			shellPath = /bin/sh;
			shellScript = "# Type a script or drag a script file from your workspace to insert its path.\nrm -rf ${TMPDIR}/TemporaryItems/*carthage*\n/usr/local/bin/carthage copy-frameworks\n";
		};
		A78EDAAE23C4840D00695664 /* ShellScript */ = {
			isa = PBXShellScriptBuildPhase;
			buildActionMask = 2147483647;
			files = (
			);
			inputFileListPaths = (
			);
			inputPaths = (
				"$(SRCROOT)/Carthage/Build/iOS/Hamcrest.framework",
			);
			outputFileListPaths = (
			);
			outputPaths = (
			);
			runOnlyForDeploymentPostprocessing = 0;
			shellPath = /bin/sh;
			shellScript = "# Type a script or drag a script file from your workspace to insert its path.\nrm -rf ${TMPDIR}/TemporaryItems/*carthage*\n/usr/local/bin/carthage copy-frameworks\n";
		};
		A7DE0BAE2423E6E400032810 /* Run Script */ = {
			isa = PBXShellScriptBuildPhase;
			buildActionMask = 2147483647;
			files = (
			);
			inputFileListPaths = (
			);
			inputPaths = (
				"$(SRCROOT)/Carthage/Build/iOS/Hamcrest.framework",
			);
			name = "Run Script";
			outputFileListPaths = (
			);
			outputPaths = (
			);
			runOnlyForDeploymentPostprocessing = 0;
			shellPath = /bin/sh;
			shellScript = "# Type a script or drag a script file from your workspace to insert its path.\n/usr/local/bin/carthage copy-frameworks\n";
		};
/* End PBXShellScriptBuildPhase section */

/* Begin PBXSourcesBuildPhase section */
		A78EDA6D23C47AB200695664 /* Sources */ = {
			isa = PBXSourcesBuildPhase;
			buildActionMask = 2147483647;
			files = (
				A78EDA9E23C47D9900695664 /* ConstraintEqualMatcher.swift in Sources */,
				A78EDA9D23C47D9900695664 /* ConstraintAnchorMatcher.swift in Sources */,
				A78EDA9B23C47D9900695664 /* ConstraintMatcher.swift in Sources */,
				A78EDA9F23C47D9900695664 /* ConstraintConstantMatcher.swift in Sources */,
				A78EDA9C23C47D9900695664 /* ContraintAlignMatcher.swift in Sources */,
			);
			runOnlyForDeploymentPostprocessing = 0;
		};
		A78EDA7623C47AB300695664 /* Sources */ = {
			isa = PBXSourcesBuildPhase;
			buildActionMask = 2147483647;
			files = (
				A78EDAA223C47DD900695664 /* ConstraintAlignMatcherTest.swift in Sources */,
				A78EDAA323C47DD900695664 /* ConstraintMatcherTest.swift in Sources */,
			);
			runOnlyForDeploymentPostprocessing = 0;
		};
		A7AB54B52423D97800FDBAB3 /* Sources */ = {
			isa = PBXSourcesBuildPhase;
			buildActionMask = 2147483647;
			files = (
				A7EA7ECC2424AA6200CF6C63 /* PinLayoutViewController.swift in Sources */,
				A7AB54BC2423D97800FDBAB3 /* AppDelegate.swift in Sources */,
				A7EA7EC024249FCD00CF6C63 /* LayoutInCodeViewController.swift in Sources */,
				A7EA7ECD2424AB4C00CF6C63 /* PinLayout.swift in Sources */,
				A7AB54E02423DEF900FDBAB3 /* StoryboardViewController.swift in Sources */,
			);
			runOnlyForDeploymentPostprocessing = 0;
		};
		A7DE0B982423E42800032810 /* Sources */ = {
			isa = PBXSourcesBuildPhase;
			buildActionMask = 2147483647;
			files = (
				A7EA7EC62424A2AE00CF6C63 /* UIColorMatcher.swift in Sources */,
				A7EA7ECA2424AA3000CF6C63 /* PinLayoutViewControllerTest.swift in Sources */,
				A7EA7EC124249FF500CF6C63 /* LayoutInCodeViewControllerTest.swift in Sources */,
				A7DE0BA62423E42E00032810 /* StoryboardViewControllerTest.swift in Sources */,
				A7EA7EC42424A0F400CF6C63 /* TestNavigationController.swift in Sources */,
			);
			runOnlyForDeploymentPostprocessing = 0;
		};
/* End PBXSourcesBuildPhase section */

/* Begin PBXTargetDependency section */
		A7AB54DE2423DED300FDBAB3 /* PBXTargetDependency */ = {
			isa = PBXTargetDependency;
			platformFilter = ios;
			target = A78EDA7023C47AB200695664 /* HamcrestAutolayoutMatchers */;
			targetProxy = A7AB54DD2423DED300FDBAB3 /* PBXContainerItemProxy */;
		};
		A7AB54EB2423E28100FDBAB3 /* PBXTargetDependency */ = {
			isa = PBXTargetDependency;
			target = A7AB54B82423D97800FDBAB3 /* Demo */;
			targetProxy = A7AB54EA2423E28100FDBAB3 /* PBXContainerItemProxy */;
		};
		A7DE0BA22423E42800032810 /* PBXTargetDependency */ = {
			isa = PBXTargetDependency;
			target = A7AB54B82423D97800FDBAB3 /* Demo */;
			targetProxy = A7DE0BA12423E42800032810 /* PBXContainerItemProxy */;
		};
		A7DE0BB02423E75C00032810 /* PBXTargetDependency */ = {
			isa = PBXTargetDependency;
			target = A78EDA7023C47AB200695664 /* HamcrestAutolayoutMatchers */;
			targetProxy = A7DE0BAF2423E75C00032810 /* PBXContainerItemProxy */;
		};
/* End PBXTargetDependency section */

/* Begin PBXVariantGroup section */
		A7AB54C12423D97800FDBAB3 /* Main.storyboard */ = {
			isa = PBXVariantGroup;
			children = (
				A7AB54C22423D97800FDBAB3 /* Base */,
			);
			name = Main.storyboard;
			sourceTree = "<group>";
		};
		A7AB54C62423D97900FDBAB3 /* LaunchScreen.storyboard */ = {
			isa = PBXVariantGroup;
			children = (
				A7AB54C72423D97900FDBAB3 /* Base */,
			);
			name = LaunchScreen.storyboard;
			sourceTree = "<group>";
		};
/* End PBXVariantGroup section */

/* Begin XCBuildConfiguration section */
		A78EDA8323C47AB300695664 /* Debug */ = {
			isa = XCBuildConfiguration;
			buildSettings = {
				ALWAYS_SEARCH_USER_PATHS = NO;
				CLANG_ANALYZER_NONNULL = YES;
				CLANG_ANALYZER_NUMBER_OBJECT_CONVERSION = YES_AGGRESSIVE;
				CLANG_CXX_LANGUAGE_STANDARD = "gnu++14";
				CLANG_CXX_LIBRARY = "libc++";
				CLANG_ENABLE_MODULES = YES;
				CLANG_ENABLE_OBJC_ARC = YES;
				CLANG_ENABLE_OBJC_WEAK = YES;
				CLANG_WARN_BLOCK_CAPTURE_AUTORELEASING = YES;
				CLANG_WARN_BOOL_CONVERSION = YES;
				CLANG_WARN_COMMA = YES;
				CLANG_WARN_CONSTANT_CONVERSION = YES;
				CLANG_WARN_DEPRECATED_OBJC_IMPLEMENTATIONS = YES;
				CLANG_WARN_DIRECT_OBJC_ISA_USAGE = YES_ERROR;
				CLANG_WARN_DOCUMENTATION_COMMENTS = YES;
				CLANG_WARN_EMPTY_BODY = YES;
				CLANG_WARN_ENUM_CONVERSION = YES;
				CLANG_WARN_INFINITE_RECURSION = YES;
				CLANG_WARN_INT_CONVERSION = YES;
				CLANG_WARN_NON_LITERAL_NULL_CONVERSION = YES;
				CLANG_WARN_OBJC_IMPLICIT_RETAIN_SELF = YES;
				CLANG_WARN_OBJC_LITERAL_CONVERSION = YES;
				CLANG_WARN_OBJC_ROOT_CLASS = YES_ERROR;
				CLANG_WARN_RANGE_LOOP_ANALYSIS = YES;
				CLANG_WARN_STRICT_PROTOTYPES = YES;
				CLANG_WARN_SUSPICIOUS_MOVE = YES;
				CLANG_WARN_UNGUARDED_AVAILABILITY = YES_AGGRESSIVE;
				CLANG_WARN_UNREACHABLE_CODE = YES;
				CLANG_WARN__DUPLICATE_METHOD_MATCH = YES;
				COPY_PHASE_STRIP = NO;
				CURRENT_PROJECT_VERSION = 1;
				DEBUG_INFORMATION_FORMAT = dwarf;
				ENABLE_STRICT_OBJC_MSGSEND = YES;
				ENABLE_TESTABILITY = YES;
				GCC_C_LANGUAGE_STANDARD = gnu11;
				GCC_DYNAMIC_NO_PIC = NO;
				GCC_NO_COMMON_BLOCKS = YES;
				GCC_OPTIMIZATION_LEVEL = 0;
				GCC_PREPROCESSOR_DEFINITIONS = (
					"DEBUG=1",
					"$(inherited)",
				);
				GCC_WARN_64_TO_32_BIT_CONVERSION = YES;
				GCC_WARN_ABOUT_RETURN_TYPE = YES_ERROR;
				GCC_WARN_UNDECLARED_SELECTOR = YES;
				GCC_WARN_UNINITIALIZED_AUTOS = YES_AGGRESSIVE;
				GCC_WARN_UNUSED_FUNCTION = YES;
				GCC_WARN_UNUSED_VARIABLE = YES;
				IPHONEOS_DEPLOYMENT_TARGET = 9.0;
				MTL_ENABLE_DEBUG_INFO = INCLUDE_SOURCE;
				MTL_FAST_MATH = YES;
				ONLY_ACTIVE_ARCH = YES;
				SDKROOT = iphoneos;
				SWIFT_ACTIVE_COMPILATION_CONDITIONS = DEBUG;
				SWIFT_OPTIMIZATION_LEVEL = "-Onone";
				VERSIONING_SYSTEM = "apple-generic";
				VERSION_INFO_PREFIX = "";
			};
			name = Debug;
		};
		A78EDA8423C47AB300695664 /* Release */ = {
			isa = XCBuildConfiguration;
			buildSettings = {
				ALWAYS_SEARCH_USER_PATHS = NO;
				CLANG_ANALYZER_NONNULL = YES;
				CLANG_ANALYZER_NUMBER_OBJECT_CONVERSION = YES_AGGRESSIVE;
				CLANG_CXX_LANGUAGE_STANDARD = "gnu++14";
				CLANG_CXX_LIBRARY = "libc++";
				CLANG_ENABLE_MODULES = YES;
				CLANG_ENABLE_OBJC_ARC = YES;
				CLANG_ENABLE_OBJC_WEAK = YES;
				CLANG_WARN_BLOCK_CAPTURE_AUTORELEASING = YES;
				CLANG_WARN_BOOL_CONVERSION = YES;
				CLANG_WARN_COMMA = YES;
				CLANG_WARN_CONSTANT_CONVERSION = YES;
				CLANG_WARN_DEPRECATED_OBJC_IMPLEMENTATIONS = YES;
				CLANG_WARN_DIRECT_OBJC_ISA_USAGE = YES_ERROR;
				CLANG_WARN_DOCUMENTATION_COMMENTS = YES;
				CLANG_WARN_EMPTY_BODY = YES;
				CLANG_WARN_ENUM_CONVERSION = YES;
				CLANG_WARN_INFINITE_RECURSION = YES;
				CLANG_WARN_INT_CONVERSION = YES;
				CLANG_WARN_NON_LITERAL_NULL_CONVERSION = YES;
				CLANG_WARN_OBJC_IMPLICIT_RETAIN_SELF = YES;
				CLANG_WARN_OBJC_LITERAL_CONVERSION = YES;
				CLANG_WARN_OBJC_ROOT_CLASS = YES_ERROR;
				CLANG_WARN_RANGE_LOOP_ANALYSIS = YES;
				CLANG_WARN_STRICT_PROTOTYPES = YES;
				CLANG_WARN_SUSPICIOUS_MOVE = YES;
				CLANG_WARN_UNGUARDED_AVAILABILITY = YES_AGGRESSIVE;
				CLANG_WARN_UNREACHABLE_CODE = YES;
				CLANG_WARN__DUPLICATE_METHOD_MATCH = YES;
				COPY_PHASE_STRIP = NO;
				CURRENT_PROJECT_VERSION = 1;
				DEBUG_INFORMATION_FORMAT = "dwarf-with-dsym";
				ENABLE_NS_ASSERTIONS = NO;
				ENABLE_STRICT_OBJC_MSGSEND = YES;
				GCC_C_LANGUAGE_STANDARD = gnu11;
				GCC_NO_COMMON_BLOCKS = YES;
				GCC_WARN_64_TO_32_BIT_CONVERSION = YES;
				GCC_WARN_ABOUT_RETURN_TYPE = YES_ERROR;
				GCC_WARN_UNDECLARED_SELECTOR = YES;
				GCC_WARN_UNINITIALIZED_AUTOS = YES_AGGRESSIVE;
				GCC_WARN_UNUSED_FUNCTION = YES;
				GCC_WARN_UNUSED_VARIABLE = YES;
				IPHONEOS_DEPLOYMENT_TARGET = 9.0;
				MTL_ENABLE_DEBUG_INFO = NO;
				MTL_FAST_MATH = YES;
				SDKROOT = iphoneos;
				SWIFT_COMPILATION_MODE = wholemodule;
				SWIFT_OPTIMIZATION_LEVEL = "-O";
				VALIDATE_PRODUCT = YES;
				VERSIONING_SYSTEM = "apple-generic";
				VERSION_INFO_PREFIX = "";
			};
			name = Release;
		};
		A78EDA8623C47AB300695664 /* Debug */ = {
			isa = XCBuildConfiguration;
			buildSettings = {
				CLANG_ENABLE_MODULES = YES;
				CODE_SIGN_STYLE = Automatic;
				DEFINES_MODULE = YES;
				DEVELOPMENT_TEAM = ED5DV56QPQ;
				DYLIB_COMPATIBILITY_VERSION = 1;
				DYLIB_CURRENT_VERSION = 1;
				DYLIB_INSTALL_NAME_BASE = "@rpath";
				ENABLE_BITCODE = NO;
				FRAMEWORK_SEARCH_PATHS = (
					"$(inherited)",
					"$(PROJECT_DIR)/Carthage/Build/iOS",
				);
				INFOPLIST_FILE = Matcher/Main/Resource/Info.plist;
				INSTALL_PATH = "$(LOCAL_LIBRARY_DIR)/Frameworks";
				LD_RUNPATH_SEARCH_PATHS = (
					"$(inherited)",
					"@executable_path/Frameworks",
					"@loader_path/Frameworks",
				);
				PRODUCT_BUNDLE_IDENTIFIER = org.openbakery.HamcrestAutolayoutMatchers;
				PRODUCT_NAME = "$(TARGET_NAME:c99extidentifier)";
				SKIP_INSTALL = YES;
				SWIFT_OPTIMIZATION_LEVEL = "-Onone";
				SWIFT_VERSION = 5.0;
				TARGETED_DEVICE_FAMILY = "1,2";
			};
			name = Debug;
		};
		A78EDA8723C47AB300695664 /* Release */ = {
			isa = XCBuildConfiguration;
			buildSettings = {
				CLANG_ENABLE_MODULES = YES;
				CODE_SIGN_STYLE = Automatic;
				DEFINES_MODULE = YES;
				DEVELOPMENT_TEAM = ED5DV56QPQ;
				DYLIB_COMPATIBILITY_VERSION = 1;
				DYLIB_CURRENT_VERSION = 1;
				DYLIB_INSTALL_NAME_BASE = "@rpath";
				ENABLE_BITCODE = NO;
				FRAMEWORK_SEARCH_PATHS = (
					"$(inherited)",
					"$(PROJECT_DIR)/Carthage/Build/iOS",
				);
				INFOPLIST_FILE = Matcher/Main/Resource/Info.plist;
				INSTALL_PATH = "$(LOCAL_LIBRARY_DIR)/Frameworks";
				LD_RUNPATH_SEARCH_PATHS = (
					"$(inherited)",
					"@executable_path/Frameworks",
					"@loader_path/Frameworks",
				);
				PRODUCT_BUNDLE_IDENTIFIER = org.openbakery.HamcrestAutolayoutMatchers;
				PRODUCT_NAME = "$(TARGET_NAME:c99extidentifier)";
				SKIP_INSTALL = YES;
				SWIFT_VERSION = 5.0;
				TARGETED_DEVICE_FAMILY = "1,2";
			};
			name = Release;
		};
		A78EDA8923C47AB300695664 /* Debug */ = {
			isa = XCBuildConfiguration;
			buildSettings = {
				ALWAYS_EMBED_SWIFT_STANDARD_LIBRARIES = YES;
				CODE_SIGN_STYLE = Automatic;
				DEVELOPMENT_TEAM = ED5DV56QPQ;
				FRAMEWORK_SEARCH_PATHS = (
					"$(inherited)",
					"$(PROJECT_DIR)/Carthage/Build/iOS",
				);
				INFOPLIST_FILE = Matcher/Test/Resource/Info.plist;
				LD_RUNPATH_SEARCH_PATHS = (
					"$(inherited)",
					"@executable_path/Frameworks",
					"@loader_path/Frameworks",
				);
				PRODUCT_BUNDLE_IDENTIFIER = org.openbakery.HamcrestAutolayoutMatchersTests;
				PRODUCT_NAME = "$(TARGET_NAME)";
				SWIFT_VERSION = 5.0;
				TARGETED_DEVICE_FAMILY = "1,2";
				TEST_HOST = "$(BUILT_PRODUCTS_DIR)/Demo.app/Demo";
			};
			name = Debug;
		};
		A78EDA8A23C47AB300695664 /* Release */ = {
			isa = XCBuildConfiguration;
			buildSettings = {
				ALWAYS_EMBED_SWIFT_STANDARD_LIBRARIES = YES;
				CODE_SIGN_STYLE = Automatic;
				DEVELOPMENT_TEAM = ED5DV56QPQ;
				FRAMEWORK_SEARCH_PATHS = (
					"$(inherited)",
					"$(PROJECT_DIR)/Carthage/Build/iOS",
				);
				INFOPLIST_FILE = Matcher/Test/Resource/Info.plist;
				LD_RUNPATH_SEARCH_PATHS = (
					"$(inherited)",
					"@executable_path/Frameworks",
					"@loader_path/Frameworks",
				);
				PRODUCT_BUNDLE_IDENTIFIER = org.openbakery.HamcrestAutolayoutMatchersTests;
				PRODUCT_NAME = "$(TARGET_NAME)";
				SWIFT_VERSION = 5.0;
				TARGETED_DEVICE_FAMILY = "1,2";
				TEST_HOST = "$(BUILT_PRODUCTS_DIR)/Demo.app/Demo";
			};
			name = Release;
		};
		A7AB54CA2423D97900FDBAB3 /* Debug */ = {
			isa = XCBuildConfiguration;
			buildSettings = {
				ASSETCATALOG_COMPILER_APPICON_NAME = AppIcon;
				CODE_SIGN_STYLE = Automatic;
				DEVELOPMENT_TEAM = ED5DV56QPQ;
				INFOPLIST_FILE = Demo/Main/Resource/Info.plist;
				IPHONEOS_DEPLOYMENT_TARGET = 11.0;
				LD_RUNPATH_SEARCH_PATHS = (
					"$(inherited)",
					"@executable_path/Frameworks",
				);
				PRODUCT_BUNDLE_IDENTIFIER = org.openbakery.Demo;
				PRODUCT_NAME = "$(TARGET_NAME)";
				SWIFT_VERSION = 5.0;
				TARGETED_DEVICE_FAMILY = "1,2";
			};
			name = Debug;
		};
		A7AB54CB2423D97900FDBAB3 /* Release */ = {
			isa = XCBuildConfiguration;
			buildSettings = {
				ASSETCATALOG_COMPILER_APPICON_NAME = AppIcon;
				CODE_SIGN_STYLE = Automatic;
				DEVELOPMENT_TEAM = ED5DV56QPQ;
				INFOPLIST_FILE = Demo/Main/Resource/Info.plist;
				IPHONEOS_DEPLOYMENT_TARGET = 11.0;
				LD_RUNPATH_SEARCH_PATHS = (
					"$(inherited)",
					"@executable_path/Frameworks",
				);
				PRODUCT_BUNDLE_IDENTIFIER = org.openbakery.Demo;
				PRODUCT_NAME = "$(TARGET_NAME)";
				SWIFT_VERSION = 5.0;
				TARGETED_DEVICE_FAMILY = "1,2";
			};
			name = Release;
		};
		A7DE0BA32423E42800032810 /* Debug */ = {
			isa = XCBuildConfiguration;
			buildSettings = {
				BUNDLE_LOADER = "$(TEST_HOST)";
				CODE_SIGN_STYLE = Automatic;
				DEVELOPMENT_TEAM = ED5DV56QPQ;
				FRAMEWORK_SEARCH_PATHS = (
					"$(inherited)",
					"$(PROJECT_DIR)/Carthage/Build/iOS",
				);
				INFOPLIST_FILE = Demo/Test/Resource/Info.plist;
				IPHONEOS_DEPLOYMENT_TARGET = 13.2;
				LD_RUNPATH_SEARCH_PATHS = (
					"$(inherited)",
					"@executable_path/Frameworks",
					"@loader_path/Frameworks",
				);
				PRODUCT_BUNDLE_IDENTIFIER = org.openbakery.DemoTests;
				PRODUCT_NAME = "$(TARGET_NAME)";
				SWIFT_VERSION = 5.0;
				TARGETED_DEVICE_FAMILY = "1,2";
				TEST_HOST = "$(BUILT_PRODUCTS_DIR)/Demo.app/Demo";
			};
			name = Debug;
		};
		A7DE0BA42423E42800032810 /* Release */ = {
			isa = XCBuildConfiguration;
			buildSettings = {
				BUNDLE_LOADER = "$(TEST_HOST)";
				CODE_SIGN_STYLE = Automatic;
				DEVELOPMENT_TEAM = ED5DV56QPQ;
				FRAMEWORK_SEARCH_PATHS = (
					"$(inherited)",
					"$(PROJECT_DIR)/Carthage/Build/iOS",
				);
				INFOPLIST_FILE = Demo/Test/Resource/Info.plist;
				IPHONEOS_DEPLOYMENT_TARGET = 13.2;
				LD_RUNPATH_SEARCH_PATHS = (
					"$(inherited)",
					"@executable_path/Frameworks",
					"@loader_path/Frameworks",
				);
				PRODUCT_BUNDLE_IDENTIFIER = org.openbakery.DemoTests;
				PRODUCT_NAME = "$(TARGET_NAME)";
				SWIFT_VERSION = 5.0;
				TARGETED_DEVICE_FAMILY = "1,2";
				TEST_HOST = "$(BUILT_PRODUCTS_DIR)/Demo.app/Demo";
			};
			name = Release;
		};
/* End XCBuildConfiguration section */

/* Begin XCConfigurationList section */
		A78EDA6B23C47AB200695664 /* Build configuration list for PBXProject "HamcrestAutolayoutMatchers" */ = {
			isa = XCConfigurationList;
			buildConfigurations = (
				A78EDA8323C47AB300695664 /* Debug */,
				A78EDA8423C47AB300695664 /* Release */,
			);
			defaultConfigurationIsVisible = 0;
			defaultConfigurationName = Release;
		};
		A78EDA8523C47AB300695664 /* Build configuration list for PBXNativeTarget "HamcrestAutolayoutMatchers" */ = {
			isa = XCConfigurationList;
			buildConfigurations = (
				A78EDA8623C47AB300695664 /* Debug */,
				A78EDA8723C47AB300695664 /* Release */,
			);
			defaultConfigurationIsVisible = 0;
			defaultConfigurationName = Release;
		};
		A78EDA8823C47AB300695664 /* Build configuration list for PBXNativeTarget "HamcrestAutolayoutMatchersTest" */ = {
			isa = XCConfigurationList;
			buildConfigurations = (
				A78EDA8923C47AB300695664 /* Debug */,
				A78EDA8A23C47AB300695664 /* Release */,
			);
			defaultConfigurationIsVisible = 0;
			defaultConfigurationName = Release;
		};
		A7AB54CC2423D97900FDBAB3 /* Build configuration list for PBXNativeTarget "Demo" */ = {
			isa = XCConfigurationList;
			buildConfigurations = (
				A7AB54CA2423D97900FDBAB3 /* Debug */,
				A7AB54CB2423D97900FDBAB3 /* Release */,
			);
			defaultConfigurationIsVisible = 0;
			defaultConfigurationName = Release;
		};
		A7DE0BA52423E42800032810 /* Build configuration list for PBXNativeTarget "DemoTests" */ = {
			isa = XCConfigurationList;
			buildConfigurations = (
				A7DE0BA32423E42800032810 /* Debug */,
				A7DE0BA42423E42800032810 /* Release */,
			);
			defaultConfigurationIsVisible = 0;
			defaultConfigurationName = Release;
		};
/* End XCConfigurationList section */
	};
	rootObject = A78EDA6823C47AB200695664 /* Project object */;
}
